
Microsoft Visual Studio Solution File, Format Version 12.00
# Visual Studio 2012
Project("{FAE04EC0-301F-11D3-BF4B-00C04F79EFBC}") = "MsVisionApi", "MsVisionApi\MsVisionApi.csproj", "{CF728014-DCF7-4E52-A521-10C865FAA87E}"
EndProject
Global
	GlobalSection(SolutionConfigurationPlatforms) = preSolution
		Debug|Any CPU = Debug|Any CPU
		Release|Any CPU = Release|Any CPU
	EndGlobalSection
	GlobalSection(ProjectConfigurationPlatforms) = postSolution
		{CF728014-DCF7-4E52-A521-10C865FAA87E}.Debug|Any CPU.ActiveCfg = Debug|Any CPU
		{CF728014-DCF7-4E52-A521-10C865FAA87E}.Debug|Any CPU.Build.0 = Debug|Any CPU
		{CF728014-DCF7-4E52-A521-10C865FAA87E}.Release|Any CPU.ActiveCfg = Release|Any CPU
		{CF728014-DCF7-4E52-A521-10C865FAA87E}.Release|Any CPU.Build.0 = Release|Any CPU
	EndGlobalSection
EndGlobal
